
Microsoft Visual Studio Solution File, Format Version 12.00
Project("{FAE04EC0-301F-11D3-BF4B-00C04F79EFBC}") = "KPZ_2", "KPZ_2\KPZ_2.csproj", "{7394C578-3831-47A8-B4A4-169D5B48787A}"
EndProject
Project("{FAE04EC0-301F-11D3-BF4B-00C04F79EFBC}") = "MedTeleHelp.API", "MedTeleHelp.API\MedTeleHelp.API.csproj", "{10FDF15D-BD45-4691-9DEF-7815671FC3A5}"
EndProject
Global
	GlobalSection(SolutionConfigurationPlatforms) = preSolution
		Debug|Any CPU = Debug|Any CPU
		Release|Any CPU = Release|Any CPU
	EndGlobalSection
	GlobalSection(ProjectConfigurationPlatforms) = postSolution
		{7394C578-3831-47A8-B4A4-169D5B48787A}.Debug|Any CPU.ActiveCfg = Debug|Any CPU
		{7394C578-3831-47A8-B4A4-169D5B48787A}.Debug|Any CPU.Build.0 = Debug|Any CPU
		{7394C578-3831-47A8-B4A4-169D5B48787A}.Release|Any CPU.ActiveCfg = Release|Any CPU
		{7394C578-3831-47A8-B4A4-169D5B48787A}.Release|Any CPU.Build.0 = Release|Any CPU
		{10FDF15D-BD45-4691-9DEF-7815671FC3A5}.Debug|Any CPU.ActiveCfg = Debug|Any CPU
		{10FDF15D-BD45-4691-9DEF-7815671FC3A5}.Debug|Any CPU.Build.0 = Debug|Any CPU
		{10FDF15D-BD45-4691-9DEF-7815671FC3A5}.Release|Any CPU.ActiveCfg = Release|Any CPU
		{10FDF15D-BD45-4691-9DEF-7815671FC3A5}.Release|Any CPU.Build.0 = Release|Any CPU
	EndGlobalSection
EndGlobal
